// !$*UTF8*$!
{
	archiveVersion = 1;
	classes = {
	};
	objectVersion = 51;
	objects = {

/* Begin PBXBuildFile section */
		531528F72057275D001B97C2 /* CircleCIDecoder.swift in Sources */ = {isa = PBXBuildFile; fileRef = 53A3BE981FD35F04006961C6 /* CircleCIDecoder.swift */; };
		531528F82057275D001B97C2 /* SeaEyeGlobalState.swift in Sources */ = {isa = PBXBuildFile; fileRef = 603314A519FDCBFD0073EAED /* SeaEyeGlobalState.swift */; };
		531528FC205737AC001B97C2 /* ProjectView.swift in Sources */ = {isa = PBXBuildFile; fileRef = 531528FB205737AC001B97C2 /* ProjectView.swift */; };
		5389EF4A1FCBBA49001C0D5F /* DecodingTests.swift in Sources */ = {isa = PBXBuildFile; fileRef = 5389EF491FCBBA49001C0D5F /* DecodingTests.swift */; };
		539479751FCB639300D6FA19 /* CircleCIClient.swift in Sources */ = {isa = PBXBuildFile; fileRef = 539479741FCB639300D6FA19 /* CircleCIClient.swift */; };
		539479771FCB6F3800D6FA19 /* SettingsWindow.xib in Resources */ = {isa = PBXBuildFile; fileRef = 539479761FCB6F3800D6FA19 /* SettingsWindow.xib */; };
		539479791FCB704300D6FA19 /* SeaEyeWindowSettingsController.swift in Sources */ = {isa = PBXBuildFile; fileRef = 539479781FCB704300D6FA19 /* SeaEyeWindowSettingsController.swift */; };
		5394797B1FCB8C2A00D6FA19 /* CircleCIRecentBuild.swift in Sources */ = {isa = PBXBuildFile; fileRef = 5394797A1FCB8C2A00D6FA19 /* CircleCIRecentBuild.swift */; };
		5394797D1FCB8C5200D6FA19 /* CircleCIBuild.swift in Sources */ = {isa = PBXBuildFile; fileRef = 5394797C1FCB8C5200D6FA19 /* CircleCIBuild.swift */; };
		539479801FCB8CC600D6FA19 /* CircleCIProject.swift in Sources */ = {isa = PBXBuildFile; fileRef = 5394797F1FCB8CC600D6FA19 /* CircleCIProject.swift */; };
		539479821FCB8D4C00D6FA19 /* BuildsForUser.swift in Sources */ = {isa = PBXBuildFile; fileRef = 539479811FCB8D4C00D6FA19 /* BuildsForUser.swift */; };
		539479841FCB8D8F00D6FA19 /* BuildsForUserTests.swift in Sources */ = {isa = PBXBuildFile; fileRef = 539479831FCB8D8F00D6FA19 /* BuildsForUserTests.swift */; };
		539479851FCB8E7B00D6FA19 /* BuildsForUser.swift in Sources */ = {isa = PBXBuildFile; fileRef = 539479811FCB8D4C00D6FA19 /* BuildsForUser.swift */; };
		539479871FCB8EA500D6FA19 /* CircleCIBuild.swift in Sources */ = {isa = PBXBuildFile; fileRef = 5394797C1FCB8C5200D6FA19 /* CircleCIBuild.swift */; };
		539479891FCB908E00D6FA19 /* Project.swift in Sources */ = {isa = PBXBuildFile; fileRef = 6014AD981A09874D00865329 /* Project.swift */; };
		5394798A1FCB908E00D6FA19 /* SeaEyeStatus.swift in Sources */ = {isa = PBXBuildFile; fileRef = 607C78251A190C580040FD5C /* SeaEyeStatus.swift */; };
		5394798B1FCB908E00D6FA19 /* CircleCIRecentBuild.swift in Sources */ = {isa = PBXBuildFile; fileRef = 5394797A1FCB8C2A00D6FA19 /* CircleCIRecentBuild.swift */; };
		5394798C1FCB908E00D6FA19 /* CircleCIProject.swift in Sources */ = {isa = PBXBuildFile; fileRef = 5394797F1FCB8CC600D6FA19 /* CircleCIProject.swift */; };
		5394798D1FCB909600D6FA19 /* CircleCIClient.swift in Sources */ = {isa = PBXBuildFile; fileRef = 539479741FCB639300D6FA19 /* CircleCIClient.swift */; };
		53A3BE8D1FD34D85006961C6 /* circleci2-project.json in Resources */ = {isa = PBXBuildFile; fileRef = 53A3BE8C1FD34D85006961C6 /* circleci2-project.json */; };
		53A3BE991FD35F04006961C6 /* CircleCIDecoder.swift in Sources */ = {isa = PBXBuildFile; fileRef = 53A3BE981FD35F04006961C6 /* CircleCIDecoder.swift */; };
		6008690E1A1D3E5E00600E4C /* SeaEyeBuildsController.xib in Resources */ = {isa = PBXBuildFile; fileRef = 6008690D1A1D3E5E00600E4C /* SeaEyeBuildsController.xib */; };
		600869101A1D3E6F00600E4C /* SeaEyeSettingsController.xib in Resources */ = {isa = PBXBuildFile; fileRef = 6008690F1A1D3E6F00600E4C /* SeaEyeSettingsController.xib */; };
		600869121A1D3E9200600E4C /* SeaEyePopoverController.xib in Resources */ = {isa = PBXBuildFile; fileRef = 600869111A1D3E9200600E4C /* SeaEyePopoverController.xib */; };
		600869141A1D3EA000600E4C /* SeaEyeUpdatesController.xib in Resources */ = {isa = PBXBuildFile; fileRef = 600869131A1D3EA000600E4C /* SeaEyeUpdatesController.xib */; };
		6008691D1A1D4F7400600E4C /* Main.xib in Resources */ = {isa = PBXBuildFile; fileRef = 6008691C1A1D4F7400600E4C /* Main.xib */; };
		6014AD8E19FED4C400865329 /* BuildView.swift in Sources */ = {isa = PBXBuildFile; fileRef = 6014AD8D19FED4C400865329 /* BuildView.swift */; };
		6014AD991A09874E00865329 /* Project.swift in Sources */ = {isa = PBXBuildFile; fileRef = 6014AD981A09874D00865329 /* Project.swift */; };
		602F20F31A1D313A00F16F79 /* SeaEyeIconController.xib in Resources */ = {isa = PBXBuildFile; fileRef = 602F20F21A1D313A00F16F79 /* SeaEyeIconController.xib */; };
		603314A619FDCBFD0073EAED /* SeaEyeGlobalState.swift in Sources */ = {isa = PBXBuildFile; fileRef = 603314A519FDCBFD0073EAED /* SeaEyeGlobalState.swift */; };
		607C78261A190C580040FD5C /* SeaEyeStatus.swift in Sources */ = {isa = PBXBuildFile; fileRef = 607C78251A190C580040FD5C /* SeaEyeStatus.swift */; };
		60BE79A61A0AB357007E5179 /* opacity-fix-light in Resources */ = {isa = PBXBuildFile; fileRef = 60BE799F1A0AB357007E5179 /* opacity-fix-light */; };
		60C73BDF19FC025A0067CDCA /* AppDelegate.swift in Sources */ = {isa = PBXBuildFile; fileRef = 60C73BDE19FC025A0067CDCA /* AppDelegate.swift */; };
		60C73BE319FC025A0067CDCA /* Images.xcassets in Resources */ = {isa = PBXBuildFile; fileRef = 60C73BE219FC025A0067CDCA /* Images.xcassets */; };
		60C73C0619FC16FE0067CDCA /* SeaEyePopoverController.swift in Sources */ = {isa = PBXBuildFile; fileRef = 60C73C0519FC16FE0067CDCA /* SeaEyePopoverController.swift */; };
		60C73C0919FC23F60067CDCA /* SeaEyeIconController.swift in Sources */ = {isa = PBXBuildFile; fileRef = 60C73C0719FC23F60067CDCA /* SeaEyeIconController.swift */; };
		60C73C1519FD7ECB0067CDCA /* SeaEyeBuildsController.swift in Sources */ = {isa = PBXBuildFile; fileRef = 60C73C1319FD7ECB0067CDCA /* SeaEyeBuildsController.swift */; };
		60C73C1819FD7EE10067CDCA /* SeaEyeSettingsController.swift in Sources */ = {isa = PBXBuildFile; fileRef = 60C73C1719FD7EE10067CDCA /* SeaEyeSettingsController.swift */; };
		60F0232C1A1A95930067C0A0 /* SeaEyeUpdatesController.swift in Sources */ = {isa = PBXBuildFile; fileRef = 60F0232B1A1A95930067C0A0 /* SeaEyeUpdatesController.swift */; };
		F46F589D20961A9A00DD6E92 /* SeaEyeSettings.swift in Sources */ = {isa = PBXBuildFile; fileRef = F46F589C20961A9A00DD6E92 /* SeaEyeSettings.swift */; };
		F46F589F209628E100DD6E92 /* HTTPRequest.swift in Sources */ = {isa = PBXBuildFile; fileRef = F46F589E209628E100DD6E92 /* HTTPRequest.swift */; };
		F46F58A120962A4700DD6E92 /* CircleCIUser.swift in Sources */ = {isa = PBXBuildFile; fileRef = F46F58A020962A4700DD6E92 /* CircleCIUser.swift */; };
		F46F58A320962AB900DD6E92 /* SeaEyeVersionClient.swift in Sources */ = {isa = PBXBuildFile; fileRef = F46F58A220962AB900DD6E92 /* SeaEyeVersionClient.swift */; };
		F46F58A520962AE800DD6E92 /* SeaEyeVersion.swift in Sources */ = {isa = PBXBuildFile; fileRef = F46F58A420962AE800DD6E92 /* SeaEyeVersion.swift */; };
		F46F58AB20962FC500DD6E92 /* SeaEyeVersionClient.swift in Sources */ = {isa = PBXBuildFile; fileRef = F46F58A220962AB900DD6E92 /* SeaEyeVersionClient.swift */; };
		F46F58AC20962FC500DD6E92 /* HTTPRequest.swift in Sources */ = {isa = PBXBuildFile; fileRef = F46F589E209628E100DD6E92 /* HTTPRequest.swift */; };
		F46F58AD20962FD400DD6E92 /* SeaEyeSettings.swift in Sources */ = {isa = PBXBuildFile; fileRef = F46F589C20961A9A00DD6E92 /* SeaEyeSettings.swift */; };
		F46F58AE20962FD400DD6E92 /* CircleCIUser.swift in Sources */ = {isa = PBXBuildFile; fileRef = F46F58A020962A4700DD6E92 /* CircleCIUser.swift */; };
		F46F58AF20962FD400DD6E92 /* SeaEyeVersion.swift in Sources */ = {isa = PBXBuildFile; fileRef = F46F58A420962AE800DD6E92 /* SeaEyeVersion.swift */; };
		F46F58B1209632EC00DD6E92 /* BuildStatusColor.swift in Sources */ = {isa = PBXBuildFile; fileRef = F46F58B0209632EC00DD6E92 /* BuildStatusColor.swift */; };
		F46F58B2209632EC00DD6E92 /* BuildStatusColor.swift in Sources */ = {isa = PBXBuildFile; fileRef = F46F58B0209632EC00DD6E92 /* BuildStatusColor.swift */; };
		F46F58B42096347600DD6E92 /* ViewHelpers.swift in Sources */ = {isa = PBXBuildFile; fileRef = F46F58B32096347600DD6E92 /* ViewHelpers.swift */; };
		F46F58B52096347600DD6E92 /* ViewHelpers.swift in Sources */ = {isa = PBXBuildFile; fileRef = F46F58B32096347600DD6E92 /* ViewHelpers.swift */; };
		F46F58B7209644CE00DD6E92 /* BuildStatusUpdate.swift in Sources */ = {isa = PBXBuildFile; fileRef = F46F58B6209644CE00DD6E92 /* BuildStatusUpdate.swift */; };
		F46F58B8209644CE00DD6E92 /* BuildStatusUpdate.swift in Sources */ = {isa = PBXBuildFile; fileRef = F46F58B6209644CE00DD6E92 /* BuildStatusUpdate.swift */; };
		F4A5EB3820CA23EE0002621D /* SeaEyeUITests.swift in Sources */ = {isa = PBXBuildFile; fileRef = F4A5EB3720CA23EE0002621D /* SeaEyeUITests.swift */; };
		F4A5EB3F20CA23F30002621D /* ConorTest.swift in Sources */ = {isa = PBXBuildFile; fileRef = F402489C20CA200F00E8B028 /* ConorTest.swift */; };
/* End PBXBuildFile section */

/* Begin PBXContainerItemProxy section */
		60C73BEC19FC025A0067CDCA /* PBXContainerItemProxy */ = {
			isa = PBXContainerItemProxy;
			containerPortal = 60C73BD119FC025A0067CDCA /* Project object */;
			proxyType = 1;
			remoteGlobalIDString = 60C73BD819FC025A0067CDCA;
			remoteInfo = SeaEye;
		};
		F4A5EB3A20CA23EE0002621D /* PBXContainerItemProxy */ = {
			isa = PBXContainerItemProxy;
			containerPortal = 60C73BD119FC025A0067CDCA /* Project object */;
			proxyType = 1;
			remoteGlobalIDString = 60C73BD819FC025A0067CDCA;
			remoteInfo = SeaEye;
		};
/* End PBXContainerItemProxy section */

/* Begin PBXFileReference section */
		531528FB205737AC001B97C2 /* ProjectView.swift */ = {isa = PBXFileReference; fileEncoding = 4; lastKnownFileType = sourcecode.swift; path = ProjectView.swift; sourceTree = "<group>"; };
		5389EF491FCBBA49001C0D5F /* DecodingTests.swift */ = {isa = PBXFileReference; lastKnownFileType = sourcecode.swift; path = DecodingTests.swift; sourceTree = "<group>"; };
		539479741FCB639300D6FA19 /* CircleCIClient.swift */ = {isa = PBXFileReference; lastKnownFileType = sourcecode.swift; path = CircleCIClient.swift; sourceTree = "<group>"; };
		539479761FCB6F3800D6FA19 /* SettingsWindow.xib */ = {isa = PBXFileReference; lastKnownFileType = file.xib; path = SettingsWindow.xib; sourceTree = "<group>"; };
		539479781FCB704300D6FA19 /* SeaEyeWindowSettingsController.swift */ = {isa = PBXFileReference; lastKnownFileType = sourcecode.swift; path = SeaEyeWindowSettingsController.swift; sourceTree = "<group>"; };
		5394797A1FCB8C2A00D6FA19 /* CircleCIRecentBuild.swift */ = {isa = PBXFileReference; lastKnownFileType = sourcecode.swift; path = CircleCIRecentBuild.swift; sourceTree = "<group>"; };
		5394797C1FCB8C5200D6FA19 /* CircleCIBuild.swift */ = {isa = PBXFileReference; lastKnownFileType = sourcecode.swift; path = CircleCIBuild.swift; sourceTree = "<group>"; };
		5394797F1FCB8CC600D6FA19 /* CircleCIProject.swift */ = {isa = PBXFileReference; lastKnownFileType = sourcecode.swift; path = CircleCIProject.swift; sourceTree = "<group>"; };
		539479811FCB8D4C00D6FA19 /* BuildsForUser.swift */ = {isa = PBXFileReference; lastKnownFileType = sourcecode.swift; path = BuildsForUser.swift; sourceTree = "<group>"; };
		539479831FCB8D8F00D6FA19 /* BuildsForUserTests.swift */ = {isa = PBXFileReference; lastKnownFileType = sourcecode.swift; path = BuildsForUserTests.swift; sourceTree = "<group>"; };
		53A3BE8C1FD34D85006961C6 /* circleci2-project.json */ = {isa = PBXFileReference; lastKnownFileType = text.json; path = "circleci2-project.json"; sourceTree = "<group>"; };
		53A3BE981FD35F04006961C6 /* CircleCIDecoder.swift */ = {isa = PBXFileReference; lastKnownFileType = sourcecode.swift; path = CircleCIDecoder.swift; sourceTree = "<group>"; };
		6008690D1A1D3E5E00600E4C /* SeaEyeBuildsController.xib */ = {isa = PBXFileReference; fileEncoding = 4; lastKnownFileType = file.xib; path = SeaEyeBuildsController.xib; sourceTree = "<group>"; };
		6008690F1A1D3E6F00600E4C /* SeaEyeSettingsController.xib */ = {isa = PBXFileReference; fileEncoding = 4; lastKnownFileType = file.xib; path = SeaEyeSettingsController.xib; sourceTree = "<group>"; };
		600869111A1D3E9200600E4C /* SeaEyePopoverController.xib */ = {isa = PBXFileReference; fileEncoding = 4; lastKnownFileType = file.xib; path = SeaEyePopoverController.xib; sourceTree = "<group>"; };
		600869131A1D3EA000600E4C /* SeaEyeUpdatesController.xib */ = {isa = PBXFileReference; fileEncoding = 4; lastKnownFileType = file.xib; path = SeaEyeUpdatesController.xib; sourceTree = "<group>"; };
		6008691C1A1D4F7400600E4C /* Main.xib */ = {isa = PBXFileReference; fileEncoding = 4; lastKnownFileType = file.xib; path = Main.xib; sourceTree = "<group>"; };
		6014AD8D19FED4C400865329 /* BuildView.swift */ = {isa = PBXFileReference; fileEncoding = 4; lastKnownFileType = sourcecode.swift; path = BuildView.swift; sourceTree = "<group>"; };
		6014AD981A09874D00865329 /* Project.swift */ = {isa = PBXFileReference; fileEncoding = 4; lastKnownFileType = sourcecode.swift; path = Project.swift; sourceTree = "<group>"; };
		602F20F21A1D313A00F16F79 /* SeaEyeIconController.xib */ = {isa = PBXFileReference; fileEncoding = 4; lastKnownFileType = file.xib; path = SeaEyeIconController.xib; sourceTree = "<group>"; };
		603314A519FDCBFD0073EAED /* SeaEyeGlobalState.swift */ = {isa = PBXFileReference; fileEncoding = 4; lastKnownFileType = sourcecode.swift; path = SeaEyeGlobalState.swift; sourceTree = "<group>"; };
		607C78251A190C580040FD5C /* SeaEyeStatus.swift */ = {isa = PBXFileReference; fileEncoding = 4; lastKnownFileType = sourcecode.swift; path = SeaEyeStatus.swift; sourceTree = "<group>"; };
		60BE799F1A0AB357007E5179 /* opacity-fix-light */ = {isa = PBXFileReference; lastKnownFileType = file; path = "opacity-fix-light"; sourceTree = "<group>"; };
		60C73BD919FC025A0067CDCA /* SeaEye.app */ = {isa = PBXFileReference; explicitFileType = wrapper.application; includeInIndex = 0; path = SeaEye.app; sourceTree = BUILT_PRODUCTS_DIR; };
		60C73BDD19FC025A0067CDCA /* Info.plist */ = {isa = PBXFileReference; lastKnownFileType = text.plist.xml; path = Info.plist; sourceTree = "<group>"; };
		60C73BDE19FC025A0067CDCA /* AppDelegate.swift */ = {isa = PBXFileReference; lastKnownFileType = sourcecode.swift; path = AppDelegate.swift; sourceTree = "<group>"; };
		60C73BE219FC025A0067CDCA /* Images.xcassets */ = {isa = PBXFileReference; lastKnownFileType = folder.assetcatalog; path = Images.xcassets; sourceTree = "<group>"; };
		60C73BEB19FC025A0067CDCA /* SeaEyeTests.xctest */ = {isa = PBXFileReference; explicitFileType = wrapper.cfbundle; includeInIndex = 0; path = SeaEyeTests.xctest; sourceTree = BUILT_PRODUCTS_DIR; };
		60C73BF019FC025A0067CDCA /* Info.plist */ = {isa = PBXFileReference; lastKnownFileType = text.plist.xml; path = Info.plist; sourceTree = "<group>"; };
		60C73C0519FC16FE0067CDCA /* SeaEyePopoverController.swift */ = {isa = PBXFileReference; fileEncoding = 4; lastKnownFileType = sourcecode.swift; path = SeaEyePopoverController.swift; sourceTree = "<group>"; };
		60C73C0719FC23F60067CDCA /* SeaEyeIconController.swift */ = {isa = PBXFileReference; fileEncoding = 4; lastKnownFileType = sourcecode.swift; path = SeaEyeIconController.swift; sourceTree = "<group>"; };
		60C73C1319FD7ECB0067CDCA /* SeaEyeBuildsController.swift */ = {isa = PBXFileReference; fileEncoding = 4; lastKnownFileType = sourcecode.swift; path = SeaEyeBuildsController.swift; sourceTree = "<group>"; };
		60C73C1719FD7EE10067CDCA /* SeaEyeSettingsController.swift */ = {isa = PBXFileReference; fileEncoding = 4; lastKnownFileType = sourcecode.swift; path = SeaEyeSettingsController.swift; sourceTree = "<group>"; };
		60F0232B1A1A95930067C0A0 /* SeaEyeUpdatesController.swift */ = {isa = PBXFileReference; fileEncoding = 4; lastKnownFileType = sourcecode.swift; path = SeaEyeUpdatesController.swift; sourceTree = "<group>"; };
		F402489C20CA200F00E8B028 /* ConorTest.swift */ = {isa = PBXFileReference; lastKnownFileType = sourcecode.swift; path = ConorTest.swift; sourceTree = "<group>"; };
		F46F589C20961A9A00DD6E92 /* SeaEyeSettings.swift */ = {isa = PBXFileReference; lastKnownFileType = sourcecode.swift; path = SeaEyeSettings.swift; sourceTree = "<group>"; };
		F46F589E209628E100DD6E92 /* HTTPRequest.swift */ = {isa = PBXFileReference; lastKnownFileType = sourcecode.swift; path = HTTPRequest.swift; sourceTree = "<group>"; };
		F46F58A020962A4700DD6E92 /* CircleCIUser.swift */ = {isa = PBXFileReference; lastKnownFileType = sourcecode.swift; path = CircleCIUser.swift; sourceTree = "<group>"; };
		F46F58A220962AB900DD6E92 /* SeaEyeVersionClient.swift */ = {isa = PBXFileReference; lastKnownFileType = sourcecode.swift; path = SeaEyeVersionClient.swift; sourceTree = "<group>"; };
		F46F58A420962AE800DD6E92 /* SeaEyeVersion.swift */ = {isa = PBXFileReference; lastKnownFileType = sourcecode.swift; path = SeaEyeVersion.swift; sourceTree = "<group>"; };
		F46F58B0209632EC00DD6E92 /* BuildStatusColor.swift */ = {isa = PBXFileReference; lastKnownFileType = sourcecode.swift; path = BuildStatusColor.swift; sourceTree = "<group>"; };
		F46F58B32096347600DD6E92 /* ViewHelpers.swift */ = {isa = PBXFileReference; lastKnownFileType = sourcecode.swift; path = ViewHelpers.swift; sourceTree = "<group>"; };
		F46F58B6209644CE00DD6E92 /* BuildStatusUpdate.swift */ = {isa = PBXFileReference; lastKnownFileType = sourcecode.swift; path = BuildStatusUpdate.swift; sourceTree = "<group>"; };
		F4A5EB3520CA23EE0002621D /* SeaEyeUITests.xctest */ = {isa = PBXFileReference; explicitFileType = wrapper.cfbundle; includeInIndex = 0; path = SeaEyeUITests.xctest; sourceTree = BUILT_PRODUCTS_DIR; };
		F4A5EB3720CA23EE0002621D /* SeaEyeUITests.swift */ = {isa = PBXFileReference; lastKnownFileType = sourcecode.swift; path = SeaEyeUITests.swift; sourceTree = "<group>"; };
		F4A5EB3920CA23EE0002621D /* Info.plist */ = {isa = PBXFileReference; lastKnownFileType = text.plist.xml; path = Info.plist; sourceTree = "<group>"; };
/* End PBXFileReference section */

/* Begin PBXFrameworksBuildPhase section */
		60C73BD619FC025A0067CDCA /* Frameworks */ = {
			isa = PBXFrameworksBuildPhase;
			buildActionMask = 2147483647;
			files = (
			);
			runOnlyForDeploymentPostprocessing = 0;
		};
		60C73BE819FC025A0067CDCA /* Frameworks */ = {
			isa = PBXFrameworksBuildPhase;
			buildActionMask = 2147483647;
			files = (
			);
			runOnlyForDeploymentPostprocessing = 0;
		};
		F4A5EB3220CA23EE0002621D /* Frameworks */ = {
			isa = PBXFrameworksBuildPhase;
			buildActionMask = 2147483647;
			files = (
			);
			runOnlyForDeploymentPostprocessing = 0;
		};
/* End PBXFrameworksBuildPhase section */

/* Begin PBXGroup section */
		5394797E1FCB8C9000D6FA19 /* services */ = {
			isa = PBXGroup;
			children = (
				539479811FCB8D4C00D6FA19 /* BuildsForUser.swift */,
				F46F58B32096347600DD6E92 /* ViewHelpers.swift */,
				F46F58B6209644CE00DD6E92 /* BuildStatusUpdate.swift */,
			);
			path = services;
			sourceTree = "<group>";
		};
		6014AD8C19FED4B400865329 /* views */ = {
			isa = PBXGroup;
			children = (
				6014AD8D19FED4C400865329 /* BuildView.swift */,
				531528FB205737AC001B97C2 /* ProjectView.swift */,
				600869131A1D3EA000600E4C /* SeaEyeUpdatesController.xib */,
				602F20F21A1D313A00F16F79 /* SeaEyeIconController.xib */,
				6008690D1A1D3E5E00600E4C /* SeaEyeBuildsController.xib */,
				6008690F1A1D3E6F00600E4C /* SeaEyeSettingsController.xib */,
				600869111A1D3E9200600E4C /* SeaEyePopoverController.xib */,
				539479761FCB6F3800D6FA19 /* SettingsWindow.xib */,
				F46F58B0209632EC00DD6E92 /* BuildStatusColor.swift */,
			);
			path = views;
			sourceTree = "<group>";
		};
		601D48C21A0A841F007EA297 /* app icons */ = {
			isa = PBXGroup;
			children = (
			);
			path = "app icons";
			sourceTree = "<group>";
		};
		603314A419FDCBD90073EAED /* models */ = {
			isa = PBXGroup;
			children = (
				6014AD981A09874D00865329 /* Project.swift */,
				5394797C1FCB8C5200D6FA19 /* CircleCIBuild.swift */,
				5394797A1FCB8C2A00D6FA19 /* CircleCIRecentBuild.swift */,
				5394797F1FCB8CC600D6FA19 /* CircleCIProject.swift */,
				F46F58A020962A4700DD6E92 /* CircleCIUser.swift */,
				607C78251A190C580040FD5C /* SeaEyeStatus.swift */,
				603314A519FDCBFD0073EAED /* SeaEyeGlobalState.swift */,
				F46F589C20961A9A00DD6E92 /* SeaEyeSettings.swift */,
				F46F58A420962AE800DD6E92 /* SeaEyeVersion.swift */,
			);
			path = models;
			sourceTree = "<group>";
		};
		607C77E81A1860070040FD5C /* status images */ = {
			isa = PBXGroup;
			children = (
			);
			path = "status images";
			sourceTree = "<group>";
		};
		60C73BD019FC025A0067CDCA = {
			isa = PBXGroup;
			children = (
				60C73BDB19FC025A0067CDCA /* SeaEye */,
				60C73BEE19FC025A0067CDCA /* SeaEyeTests */,
				F4A5EB3620CA23EE0002621D /* SeaEyeUITests */,
				60C73BDA19FC025A0067CDCA /* Products */,
			);
			sourceTree = "<group>";
		};
		60C73BDA19FC025A0067CDCA /* Products */ = {
			isa = PBXGroup;
			children = (
				60C73BD919FC025A0067CDCA /* SeaEye.app */,
				60C73BEB19FC025A0067CDCA /* SeaEyeTests.xctest */,
				F4A5EB3520CA23EE0002621D /* SeaEyeUITests.xctest */,
			);
			name = Products;
			sourceTree = "<group>";
		};
		60C73BDB19FC025A0067CDCA /* SeaEye */ = {
			isa = PBXGroup;
			children = (
				6008691C1A1D4F7400600E4C /* Main.xib */,
				F46F58A620962C1500DD6E92 /* lib */,
				5394797E1FCB8C9000D6FA19 /* services */,
				603314A419FDCBD90073EAED /* models */,
				6014AD8C19FED4B400865329 /* views */,
				60C73C0419FC16C60067CDCA /* controllers */,
				60C73BFF19FC0FF40067CDCA /* res */,
				60C73BDE19FC025A0067CDCA /* AppDelegate.swift */,
				60C73BE219FC025A0067CDCA /* Images.xcassets */,
				60C73BDC19FC025A0067CDCA /* Supporting Files */,
			);
			path = SeaEye;
			sourceTree = "<group>";
		};
		60C73BDC19FC025A0067CDCA /* Supporting Files */ = {
			isa = PBXGroup;
			children = (
				60C73BDD19FC025A0067CDCA /* Info.plist */,
			);
			name = "Supporting Files";
			sourceTree = "<group>";
		};
		60C73BEE19FC025A0067CDCA /* SeaEyeTests */ = {
			isa = PBXGroup;
			children = (
				60C73BEF19FC025A0067CDCA /* Supporting Files */,
				539479831FCB8D8F00D6FA19 /* BuildsForUserTests.swift */,
				5389EF491FCBBA49001C0D5F /* DecodingTests.swift */,
			);
			path = SeaEyeTests;
			sourceTree = "<group>";
		};
		60C73BEF19FC025A0067CDCA /* Supporting Files */ = {
			isa = PBXGroup;
			children = (
				60C73BF019FC025A0067CDCA /* Info.plist */,
				53A3BE8C1FD34D85006961C6 /* circleci2-project.json */,
			);
			name = "Supporting Files";
			sourceTree = "<group>";
		};
		60C73BFF19FC0FF40067CDCA /* res */ = {
			isa = PBXGroup;
			children = (
				607C77E81A1860070040FD5C /* status images */,
				60BE799F1A0AB357007E5179 /* opacity-fix-light */,
				601D48C21A0A841F007EA297 /* app icons */,
			);
			path = res;
			sourceTree = "<group>";
		};
		60C73C0419FC16C60067CDCA /* controllers */ = {
			isa = PBXGroup;
			children = (
				60C73C0519FC16FE0067CDCA /* SeaEyePopoverController.swift */,
				60C73C0719FC23F60067CDCA /* SeaEyeIconController.swift */,
				60C73C1319FD7ECB0067CDCA /* SeaEyeBuildsController.swift */,
				60C73C1719FD7EE10067CDCA /* SeaEyeSettingsController.swift */,
				60F0232B1A1A95930067C0A0 /* SeaEyeUpdatesController.swift */,
				539479781FCB704300D6FA19 /* SeaEyeWindowSettingsController.swift */,
			);
			path = controllers;
			sourceTree = "<group>";
		};
		F46F58A620962C1500DD6E92 /* lib */ = {
			isa = PBXGroup;
			children = (
				F46F58A220962AB900DD6E92 /* SeaEyeVersionClient.swift */,
				F46F58A820962C3100DD6E92 /* http */,
				F46F58A720962C1C00DD6E92 /* circleci */,
			);
			path = lib;
			sourceTree = "<group>";
		};
		F46F58A720962C1C00DD6E92 /* circleci */ = {
			isa = PBXGroup;
			children = (
				539479741FCB639300D6FA19 /* CircleCIClient.swift */,
				53A3BE981FD35F04006961C6 /* CircleCIDecoder.swift */,
			);
			path = circleci;
			sourceTree = "<group>";
		};
		F46F58A820962C3100DD6E92 /* http */ = {
			isa = PBXGroup;
			children = (
				F46F589E209628E100DD6E92 /* HTTPRequest.swift */,
			);
			path = http;
			sourceTree = "<group>";
		};
		F4A5EB3620CA23EE0002621D /* SeaEyeUITests */ = {
			isa = PBXGroup;
			children = (
				F402489C20CA200F00E8B028 /* ConorTest.swift */,
				F4A5EB3720CA23EE0002621D /* SeaEyeUITests.swift */,
				F4A5EB3920CA23EE0002621D /* Info.plist */,
			);
			path = SeaEyeUITests;
			sourceTree = "<group>";
		};
/* End PBXGroup section */

/* Begin PBXNativeTarget section */
		60C73BD819FC025A0067CDCA /* SeaEye */ = {
			isa = PBXNativeTarget;
			buildConfigurationList = 60C73BF519FC025A0067CDCA /* Build configuration list for PBXNativeTarget "SeaEye" */;
			buildPhases = (
				60C73BD519FC025A0067CDCA /* Sources */,
				60C73BD619FC025A0067CDCA /* Frameworks */,
				60C73BD719FC025A0067CDCA /* Resources */,
			);
			buildRules = (
			);
			dependencies = (
			);
			name = SeaEye;
			productName = SeaEye;
			productReference = 60C73BD919FC025A0067CDCA /* SeaEye.app */;
			productType = "com.apple.product-type.application";
		};
		60C73BEA19FC025A0067CDCA /* SeaEyeTests */ = {
			isa = PBXNativeTarget;
			buildConfigurationList = 60C73BF819FC025A0067CDCA /* Build configuration list for PBXNativeTarget "SeaEyeTests" */;
			buildPhases = (
				60C73BE719FC025A0067CDCA /* Sources */,
				60C73BE819FC025A0067CDCA /* Frameworks */,
				60C73BE919FC025A0067CDCA /* Resources */,
			);
			buildRules = (
			);
			dependencies = (
				60C73BED19FC025A0067CDCA /* PBXTargetDependency */,
			);
			name = SeaEyeTests;
			productName = SeaEyeTests;
			productReference = 60C73BEB19FC025A0067CDCA /* SeaEyeTests.xctest */;
			productType = "com.apple.product-type.bundle.unit-test";
		};
		F4A5EB3420CA23EE0002621D /* SeaEyeUITests */ = {
			isa = PBXNativeTarget;
			buildConfigurationList = F4A5EB3C20CA23EE0002621D /* Build configuration list for PBXNativeTarget "SeaEyeUITests" */;
			buildPhases = (
				F4A5EB3120CA23EE0002621D /* Sources */,
				F4A5EB3220CA23EE0002621D /* Frameworks */,
				F4A5EB3320CA23EE0002621D /* Resources */,
			);
			buildRules = (
			);
			dependencies = (
				F4A5EB3B20CA23EE0002621D /* PBXTargetDependency */,
			);
			name = SeaEyeUITests;
			productName = SeaEyeUITests;
			productReference = F4A5EB3520CA23EE0002621D /* SeaEyeUITests.xctest */;
			productType = "com.apple.product-type.bundle.ui-testing";
		};
/* End PBXNativeTarget section */

/* Begin PBXProject section */
		60C73BD119FC025A0067CDCA /* Project object */ = {
			isa = PBXProject;
			attributes = {
				LastSwiftUpdateCheck = 1000;
				LastUpgradeCheck = 0930;
				ORGANIZATIONNAME = Nolaneo;
				TargetAttributes = {
					60C73BD819FC025A0067CDCA = {
						CreatedOnToolsVersion = 6.1;
						LastSwiftMigration = 1000;
					};
					60C73BEA19FC025A0067CDCA = {
						CreatedOnToolsVersion = 6.1;
						LastSwiftMigration = 1000;
						TestTargetID = 60C73BD819FC025A0067CDCA;
					};
					F4A5EB3420CA23EE0002621D = {
						CreatedOnToolsVersion = 10.0;
						TestTargetID = 60C73BD819FC025A0067CDCA;
					};
				};
			};
			buildConfigurationList = 60C73BD419FC025A0067CDCA /* Build configuration list for PBXProject "SeaEye" */;
			compatibilityVersion = "Xcode 10.0";
			developmentRegion = English;
			hasScannedForEncodings = 0;
			knownRegions = (
				en,
				Base,
			);
			mainGroup = 60C73BD019FC025A0067CDCA;
			productRefGroup = 60C73BDA19FC025A0067CDCA /* Products */;
			projectDirPath = "";
			projectRoot = "";
			targets = (
				60C73BD819FC025A0067CDCA /* SeaEye */,
				60C73BEA19FC025A0067CDCA /* SeaEyeTests */,
				F4A5EB3420CA23EE0002621D /* SeaEyeUITests */,
			);
		};
/* End PBXProject section */

/* Begin PBXResourcesBuildPhase section */
		60C73BD719FC025A0067CDCA /* Resources */ = {
			isa = PBXResourcesBuildPhase;
			buildActionMask = 2147483647;
			files = (
				60C73BE319FC025A0067CDCA /* Images.xcassets in Resources */,
				600869141A1D3EA000600E4C /* SeaEyeUpdatesController.xib in Resources */,
				60BE79A61A0AB357007E5179 /* opacity-fix-light in Resources */,
				600869101A1D3E6F00600E4C /* SeaEyeSettingsController.xib in Resources */,
				539479771FCB6F3800D6FA19 /* SettingsWindow.xib in Resources */,
				602F20F31A1D313A00F16F79 /* SeaEyeIconController.xib in Resources */,
				6008691D1A1D4F7400600E4C /* Main.xib in Resources */,
				600869121A1D3E9200600E4C /* SeaEyePopoverController.xib in Resources */,
				6008690E1A1D3E5E00600E4C /* SeaEyeBuildsController.xib in Resources */,
			);
			runOnlyForDeploymentPostprocessing = 0;
		};
		60C73BE919FC025A0067CDCA /* Resources */ = {
			isa = PBXResourcesBuildPhase;
			buildActionMask = 2147483647;
			files = (
				53A3BE8D1FD34D85006961C6 /* circleci2-project.json in Resources */,
			);
			runOnlyForDeploymentPostprocessing = 0;
		};
		F4A5EB3320CA23EE0002621D /* Resources */ = {
			isa = PBXResourcesBuildPhase;
			buildActionMask = 2147483647;
			files = (
			);
			runOnlyForDeploymentPostprocessing = 0;
		};
/* End PBXResourcesBuildPhase section */

/* Begin PBXSourcesBuildPhase section */
		60C73BD519FC025A0067CDCA /* Sources */ = {
			isa = PBXSourcesBuildPhase;
			buildActionMask = 2147483647;
			files = (
				539479791FCB704300D6FA19 /* SeaEyeWindowSettingsController.swift in Sources */,
				5394797B1FCB8C2A00D6FA19 /* CircleCIRecentBuild.swift in Sources */,
				539479751FCB639300D6FA19 /* CircleCIClient.swift in Sources */,
				60C73BDF19FC025A0067CDCA /* AppDelegate.swift in Sources */,
				539479801FCB8CC600D6FA19 /* CircleCIProject.swift in Sources */,
				6014AD8E19FED4C400865329 /* BuildView.swift in Sources */,
				607C78261A190C580040FD5C /* SeaEyeStatus.swift in Sources */,
				F46F58A320962AB900DD6E92 /* SeaEyeVersionClient.swift in Sources */,
				F46F58B42096347600DD6E92 /* ViewHelpers.swift in Sources */,
				531528FC205737AC001B97C2 /* ProjectView.swift in Sources */,
				60C73C0919FC23F60067CDCA /* SeaEyeIconController.swift in Sources */,
				6014AD991A09874E00865329 /* Project.swift in Sources */,
				53A3BE991FD35F04006961C6 /* CircleCIDecoder.swift in Sources */,
				539479821FCB8D4C00D6FA19 /* BuildsForUser.swift in Sources */,
				60C73C1519FD7ECB0067CDCA /* SeaEyeBuildsController.swift in Sources */,
				F46F589D20961A9A00DD6E92 /* SeaEyeSettings.swift in Sources */,
				60C73C0619FC16FE0067CDCA /* SeaEyePopoverController.swift in Sources */,
				F46F58A520962AE800DD6E92 /* SeaEyeVersion.swift in Sources */,
				60C73C1819FD7EE10067CDCA /* SeaEyeSettingsController.swift in Sources */,
				F46F58A120962A4700DD6E92 /* CircleCIUser.swift in Sources */,
				5394797D1FCB8C5200D6FA19 /* CircleCIBuild.swift in Sources */,
				F46F58B7209644CE00DD6E92 /* BuildStatusUpdate.swift in Sources */,
				F46F58B1209632EC00DD6E92 /* BuildStatusColor.swift in Sources */,
				F46F589F209628E100DD6E92 /* HTTPRequest.swift in Sources */,
				60F0232C1A1A95930067C0A0 /* SeaEyeUpdatesController.swift in Sources */,
				603314A619FDCBFD0073EAED /* SeaEyeGlobalState.swift in Sources */,
			);
			runOnlyForDeploymentPostprocessing = 0;
		};
		60C73BE719FC025A0067CDCA /* Sources */ = {
			isa = PBXSourcesBuildPhase;
			buildActionMask = 2147483647;
			files = (
				F46F58AD20962FD400DD6E92 /* SeaEyeSettings.swift in Sources */,
				F46F58B8209644CE00DD6E92 /* BuildStatusUpdate.swift in Sources */,
				F46F58AE20962FD400DD6E92 /* CircleCIUser.swift in Sources */,
				F46F58AF20962FD400DD6E92 /* SeaEyeVersion.swift in Sources */,
				F46F58AB20962FC500DD6E92 /* SeaEyeVersionClient.swift in Sources */,
				F46F58AC20962FC500DD6E92 /* HTTPRequest.swift in Sources */,
				F46F58B2209632EC00DD6E92 /* BuildStatusColor.swift in Sources */,
				5394798D1FCB909600D6FA19 /* CircleCIClient.swift in Sources */,
				539479871FCB8EA500D6FA19 /* CircleCIBuild.swift in Sources */,
				531528F82057275D001B97C2 /* SeaEyeGlobalState.swift in Sources */,
				531528F72057275D001B97C2 /* CircleCIDecoder.swift in Sources */,
				5394798B1FCB908E00D6FA19 /* CircleCIRecentBuild.swift in Sources */,
				5389EF4A1FCBBA49001C0D5F /* DecodingTests.swift in Sources */,
				F46F58B52096347600DD6E92 /* ViewHelpers.swift in Sources */,
				539479851FCB8E7B00D6FA19 /* BuildsForUser.swift in Sources */,
				5394798A1FCB908E00D6FA19 /* SeaEyeStatus.swift in Sources */,
				539479891FCB908E00D6FA19 /* Project.swift in Sources */,
				539479841FCB8D8F00D6FA19 /* BuildsForUserTests.swift in Sources */,
				5394798C1FCB908E00D6FA19 /* CircleCIProject.swift in Sources */,
			);
			runOnlyForDeploymentPostprocessing = 0;
		};
		F4A5EB3120CA23EE0002621D /* Sources */ = {
			isa = PBXSourcesBuildPhase;
			buildActionMask = 2147483647;
			files = (
				F4A5EB3820CA23EE0002621D /* SeaEyeUITests.swift in Sources */,
				F4A5EB3F20CA23F30002621D /* ConorTest.swift in Sources */,
			);
			runOnlyForDeploymentPostprocessing = 0;
		};
/* End PBXSourcesBuildPhase section */

/* Begin PBXTargetDependency section */
		60C73BED19FC025A0067CDCA /* PBXTargetDependency */ = {
			isa = PBXTargetDependency;
			target = 60C73BD819FC025A0067CDCA /* SeaEye */;
			targetProxy = 60C73BEC19FC025A0067CDCA /* PBXContainerItemProxy */;
		};
		F4A5EB3B20CA23EE0002621D /* PBXTargetDependency */ = {
			isa = PBXTargetDependency;
			target = 60C73BD819FC025A0067CDCA /* SeaEye */;
			targetProxy = F4A5EB3A20CA23EE0002621D /* PBXContainerItemProxy */;
		};
/* End PBXTargetDependency section */

/* Begin XCBuildConfiguration section */
		60C73BF319FC025A0067CDCA /* Debug */ = {
			isa = XCBuildConfiguration;
			buildSettings = {
				ALWAYS_SEARCH_USER_PATHS = NO;
				CLANG_CXX_LANGUAGE_STANDARD = "gnu++0x";
				CLANG_CXX_LIBRARY = "libc++";
				CLANG_ENABLE_MODULES = YES;
				CLANG_ENABLE_OBJC_ARC = YES;
				CLANG_WARN_BLOCK_CAPTURE_AUTORELEASING = YES;
				CLANG_WARN_BOOL_CONVERSION = YES;
				CLANG_WARN_COMMA = YES;
				CLANG_WARN_CONSTANT_CONVERSION = YES;
				CLANG_WARN_DEPRECATED_OBJC_IMPLEMENTATIONS = YES;
				CLANG_WARN_DIRECT_OBJC_ISA_USAGE = YES_ERROR;
				CLANG_WARN_EMPTY_BODY = YES;
				CLANG_WARN_ENUM_CONVERSION = YES;
				CLANG_WARN_INFINITE_RECURSION = YES;
				CLANG_WARN_INT_CONVERSION = YES;
				CLANG_WARN_NON_LITERAL_NULL_CONVERSION = YES;
				CLANG_WARN_OBJC_IMPLICIT_RETAIN_SELF = YES;
				CLANG_WARN_OBJC_LITERAL_CONVERSION = YES;
				CLANG_WARN_OBJC_ROOT_CLASS = YES_ERROR;
				CLANG_WARN_RANGE_LOOP_ANALYSIS = YES;
				CLANG_WARN_STRICT_PROTOTYPES = YES;
				CLANG_WARN_SUSPICIOUS_MOVE = YES;
				CLANG_WARN_UNREACHABLE_CODE = YES;
				CLANG_WARN__DUPLICATE_METHOD_MATCH = YES;
				CODE_SIGN_IDENTITY = "";
				COPY_PHASE_STRIP = NO;
				ENABLE_STRICT_OBJC_MSGSEND = YES;
				ENABLE_TESTABILITY = YES;
				GCC_C_LANGUAGE_STANDARD = "compiler-default";
				GCC_DYNAMIC_NO_PIC = NO;
				GCC_NO_COMMON_BLOCKS = YES;
				GCC_OPTIMIZATION_LEVEL = 0;
				GCC_PREPROCESSOR_DEFINITIONS = (
					"DEBUG=1",
					"$(inherited)",
				);
				GCC_SYMBOLS_PRIVATE_EXTERN = NO;
				GCC_WARN_64_TO_32_BIT_CONVERSION = YES;
				GCC_WARN_ABOUT_RETURN_TYPE = YES_ERROR;
				GCC_WARN_UNDECLARED_SELECTOR = YES;
				GCC_WARN_UNINITIALIZED_AUTOS = YES_AGGRESSIVE;
				GCC_WARN_UNUSED_FUNCTION = YES;
				GCC_WARN_UNUSED_VARIABLE = YES;
				MACOSX_DEPLOYMENT_TARGET = 10.12;
				MTL_ENABLE_DEBUG_INFO = YES;
				ONLY_ACTIVE_ARCH = YES;
				SDKROOT = macosx;
				SWIFT_COMPILATION_MODE = singlefile;
				SWIFT_OPTIMIZATION_LEVEL = "-Onone";
				SWIFT_VERSION = 4.2;
			};
			name = Debug;
		};
		60C73BF419FC025A0067CDCA /* Release */ = {
			isa = XCBuildConfiguration;
			buildSettings = {
				ALWAYS_SEARCH_USER_PATHS = NO;
				CLANG_CXX_LANGUAGE_STANDARD = "gnu++0x";
				CLANG_CXX_LIBRARY = "libc++";
				CLANG_ENABLE_MODULES = YES;
				CLANG_ENABLE_OBJC_ARC = YES;
				CLANG_WARN_BLOCK_CAPTURE_AUTORELEASING = YES;
				CLANG_WARN_BOOL_CONVERSION = YES;
				CLANG_WARN_COMMA = YES;
				CLANG_WARN_CONSTANT_CONVERSION = YES;
				CLANG_WARN_DEPRECATED_OBJC_IMPLEMENTATIONS = YES;
				CLANG_WARN_DIRECT_OBJC_ISA_USAGE = YES_ERROR;
				CLANG_WARN_EMPTY_BODY = YES;
				CLANG_WARN_ENUM_CONVERSION = YES;
				CLANG_WARN_INFINITE_RECURSION = YES;
				CLANG_WARN_INT_CONVERSION = YES;
				CLANG_WARN_NON_LITERAL_NULL_CONVERSION = YES;
				CLANG_WARN_OBJC_IMPLICIT_RETAIN_SELF = YES;
				CLANG_WARN_OBJC_LITERAL_CONVERSION = YES;
				CLANG_WARN_OBJC_ROOT_CLASS = YES_ERROR;
				CLANG_WARN_RANGE_LOOP_ANALYSIS = YES;
				CLANG_WARN_STRICT_PROTOTYPES = YES;
				CLANG_WARN_SUSPICIOUS_MOVE = YES;
				CLANG_WARN_UNREACHABLE_CODE = YES;
				CLANG_WARN__DUPLICATE_METHOD_MATCH = YES;
				CODE_SIGN_IDENTITY = "";
				COPY_PHASE_STRIP = YES;
				DEBUG_INFORMATION_FORMAT = "dwarf-with-dsym";
				ENABLE_NS_ASSERTIONS = NO;
				ENABLE_STRICT_OBJC_MSGSEND = YES;
				GCC_C_LANGUAGE_STANDARD = "compiler-default";
				GCC_NO_COMMON_BLOCKS = YES;
				GCC_WARN_64_TO_32_BIT_CONVERSION = YES;
				GCC_WARN_ABOUT_RETURN_TYPE = YES_ERROR;
				GCC_WARN_UNDECLARED_SELECTOR = YES;
				GCC_WARN_UNINITIALIZED_AUTOS = YES_AGGRESSIVE;
				GCC_WARN_UNUSED_FUNCTION = YES;
				GCC_WARN_UNUSED_VARIABLE = YES;
				MACOSX_DEPLOYMENT_TARGET = 10.12;
				MTL_ENABLE_DEBUG_INFO = NO;
				SDKROOT = macosx;
				SWIFT_COMPILATION_MODE = wholemodule;
				SWIFT_OPTIMIZATION_LEVEL = "-O";
				SWIFT_VERSION = 4.2;
			};
			name = Release;
		};
		60C73BF619FC025A0067CDCA /* Debug */ = {
			isa = XCBuildConfiguration;
			buildSettings = {
				ASSETCATALOG_COMPILER_APPICON_NAME = AppIcon;
				CODE_SIGN_IDENTITY = "";
				COMBINE_HIDPI_IMAGES = YES;
				CURRENT_PROJECT_VERSION = 5;
				INFOPLIST_FILE = SeaEye/Info.plist;
				LD_RUNPATH_SEARCH_PATHS = "$(inherited) @executable_path/../Frameworks";
				MACOSX_DEPLOYMENT_TARGET = 10.10;
				PRODUCT_BUNDLE_IDENTIFIER = "io.nolan.eoin.$(PRODUCT_NAME:rfc1034identifier)";
				PRODUCT_NAME = "$(TARGET_NAME)";
				SDKROOT = macosx;
				SWIFT_VERSION = 4.2;
				VERSION_INFO_PREFIX = 0.;
			};
			name = Debug;
		};
		60C73BF719FC025A0067CDCA /* Release */ = {
			isa = XCBuildConfiguration;
			buildSettings = {
				ASSETCATALOG_COMPILER_APPICON_NAME = AppIcon;
				CODE_SIGN_IDENTITY = "";
				COMBINE_HIDPI_IMAGES = YES;
				CURRENT_PROJECT_VERSION = 5;
				INFOPLIST_FILE = SeaEye/Info.plist;
				LD_RUNPATH_SEARCH_PATHS = "$(inherited) @executable_path/../Frameworks";
				MACOSX_DEPLOYMENT_TARGET = 10.10;
				PRODUCT_BUNDLE_IDENTIFIER = "io.nolan.eoin.$(PRODUCT_NAME:rfc1034identifier)";
				PRODUCT_NAME = "$(TARGET_NAME)";
				SDKROOT = macosx;
				SWIFT_VERSION = 4.2;
				VERSION_INFO_PREFIX = 0.;
			};
			name = Release;
		};
		60C73BF919FC025A0067CDCA /* Debug */ = {
			isa = XCBuildConfiguration;
			buildSettings = {
				BUNDLE_LOADER = "$(TEST_HOST)";
				CODE_SIGN_IDENTITY = "";
				COMBINE_HIDPI_IMAGES = YES;
				FRAMEWORK_SEARCH_PATHS = (
					"$(DEVELOPER_FRAMEWORKS_DIR)",
					"$(inherited)",
				);
				GCC_PREPROCESSOR_DEFINITIONS = (
					"DEBUG=1",
					"$(inherited)",
				);
				INFOPLIST_FILE = SeaEyeTests/Info.plist;
				LD_RUNPATH_SEARCH_PATHS = "$(inherited) @executable_path/../Frameworks @loader_path/../Frameworks";
				PRODUCT_BUNDLE_IDENTIFIER = "io.nolan.$(PRODUCT_NAME:rfc1034identifier)";
				PRODUCT_NAME = "$(TARGET_NAME)";
				SWIFT_VERSION = 4.2;
			};
			name = Debug;
		};
		60C73BFA19FC025A0067CDCA /* Release */ = {
			isa = XCBuildConfiguration;
			buildSettings = {
				BUNDLE_LOADER = "$(TEST_HOST)";
				CODE_SIGN_IDENTITY = "";
				COMBINE_HIDPI_IMAGES = YES;
				FRAMEWORK_SEARCH_PATHS = (
					"$(DEVELOPER_FRAMEWORKS_DIR)",
					"$(inherited)",
				);
				INFOPLIST_FILE = SeaEyeTests/Info.plist;
				LD_RUNPATH_SEARCH_PATHS = "$(inherited) @executable_path/../Frameworks @loader_path/../Frameworks";
				PRODUCT_BUNDLE_IDENTIFIER = "io.nolan.$(PRODUCT_NAME:rfc1034identifier)";
				PRODUCT_NAME = "$(TARGET_NAME)";
				SWIFT_VERSION = 4.2;
			};
			name = Release;
		};
		F4A5EB3D20CA23EE0002621D /* Debug */ = {
			isa = XCBuildConfiguration;
			buildSettings = {
				CLANG_ANALYZER_NONNULL = YES;
				CLANG_ANALYZER_NUMBER_OBJECT_CONVERSION = YES_AGGRESSIVE;
				CLANG_CXX_LANGUAGE_STANDARD = "gnu++14";
				CLANG_ENABLE_OBJC_WEAK = YES;
				CLANG_WARN_DOCUMENTATION_COMMENTS = YES;
				CLANG_WARN_UNGUARDED_AVAILABILITY = YES_AGGRESSIVE;
				CODE_SIGN_IDENTITY = "-";
				CODE_SIGN_STYLE = Automatic;
				COMBINE_HIDPI_IMAGES = YES;
				DEBUG_INFORMATION_FORMAT = dwarf;
				GCC_C_LANGUAGE_STANDARD = gnu11;
				INFOPLIST_FILE = SeaEyeUITests/Info.plist;
				LD_RUNPATH_SEARCH_PATHS = "$(inherited) @executable_path/../Frameworks @loader_path/../Frameworks";
				MACOSX_DEPLOYMENT_TARGET = 10.14;
				MTL_ENABLE_DEBUG_INFO = INCLUDE_SOURCE;
				PRODUCT_BUNDLE_IDENTIFIER = io.nolaneo.SeaEyeUITests;
				PRODUCT_NAME = "$(TARGET_NAME)";
				SWIFT_ACTIVE_COMPILATION_CONDITIONS = DEBUG;
				SWIFT_VERSION = 4.2;
				TEST_TARGET_NAME = SeaEye;
			};
			name = Debug;
		};
		F4A5EB3E20CA23EE0002621D /* Release */ = {
			isa = XCBuildConfiguration;
			buildSettings = {
				CLANG_ANALYZER_NONNULL = YES;
				CLANG_ANALYZER_NUMBER_OBJECT_CONVERSION = YES_AGGRESSIVE;
				CLANG_CXX_LANGUAGE_STANDARD = "gnu++14";
				CLANG_ENABLE_OBJC_WEAK = YES;
				CLANG_WARN_DOCUMENTATION_COMMENTS = YES;
				CLANG_WARN_UNGUARDED_AVAILABILITY = YES_AGGRESSIVE;
				CODE_SIGN_IDENTITY = "-";
				CODE_SIGN_STYLE = Automatic;
				COMBINE_HIDPI_IMAGES = YES;
				COPY_PHASE_STRIP = NO;
				GCC_C_LANGUAGE_STANDARD = gnu11;
				INFOPLIST_FILE = SeaEyeUITests/Info.plist;
				LD_RUNPATH_SEARCH_PATHS = "$(inherited) @executable_path/../Frameworks @loader_path/../Frameworks";
				MACOSX_DEPLOYMENT_TARGET = 10.14;
				PRODUCT_BUNDLE_IDENTIFIER = io.nolaneo.SeaEyeUITests;
				PRODUCT_NAME = "$(TARGET_NAME)";
				SWIFT_VERSION = 4.2;
				TEST_TARGET_NAME = SeaEye;
			};
			name = Release;
		};
/* End XCBuildConfiguration section */

/* Begin XCConfigurationList section */
		60C73BD419FC025A0067CDCA /* Build configuration list for PBXProject "SeaEye" */ = {
			isa = XCConfigurationList;
			buildConfigurations = (
				60C73BF319FC025A0067CDCA /* Debug */,
				60C73BF419FC025A0067CDCA /* Release */,
			);
			defaultConfigurationIsVisible = 0;
			defaultConfigurationName = Release;
		};
		60C73BF519FC025A0067CDCA /* Build configuration list for PBXNativeTarget "SeaEye" */ = {
			isa = XCConfigurationList;
			buildConfigurations = (
				60C73BF619FC025A0067CDCA /* Debug */,
				60C73BF719FC025A0067CDCA /* Release */,
			);
			defaultConfigurationIsVisible = 0;
			defaultConfigurationName = Release;
		};
		60C73BF819FC025A0067CDCA /* Build configuration list for PBXNativeTarget "SeaEyeTests" */ = {
			isa = XCConfigurationList;
			buildConfigurations = (
				60C73BF919FC025A0067CDCA /* Debug */,
				60C73BFA19FC025A0067CDCA /* Release */,
			);
			defaultConfigurationIsVisible = 0;
			defaultConfigurationName = Release;
		};
		F4A5EB3C20CA23EE0002621D /* Build configuration list for PBXNativeTarget "SeaEyeUITests" */ = {
			isa = XCConfigurationList;
			buildConfigurations = (
				F4A5EB3D20CA23EE0002621D /* Debug */,
				F4A5EB3E20CA23EE0002621D /* Release */,
			);
			defaultConfigurationIsVisible = 0;
			defaultConfigurationName = Release;
		};
/* End XCConfigurationList section */
	};
	rootObject = 60C73BD119FC025A0067CDCA /* Project object */;
}
